// !$*UTF8*$!
{
	archiveVersion = 1;
	classes = {
	};
	objectVersion = 46;
	objects = {

/* Begin PBXBuildFile section */
		4C2D19661A252B9C003752E6 /* Images.xcassets in Resources */ = {isa = PBXBuildFile; fileRef = 4C2D19651A252B9C003752E6 /* Images.xcassets */; };
		4C2D19691A252B9C003752E6 /* LaunchScreen.xib in Resources */ = {isa = PBXBuildFile; fileRef = 4C2D19671A252B9C003752E6 /* LaunchScreen.xib */; };
		4C2D19751A252B9C003752E6 /* SwiftGimbalTests.swift in Sources */ = {isa = PBXBuildFile; fileRef = 4C2D19741A252B9C003752E6 /* SwiftGimbalTests.swift */; };
		4C2D19A51A252C59003752E6 /* ViewController.swift in Sources */ = {isa = PBXBuildFile; fileRef = 4C2D19951A252C59003752E6 /* ViewController.swift */; };
		4C2D19A71A252C59003752E6 /* AppDelegate.swift in Sources */ = {isa = PBXBuildFile; fileRef = 4C2D19A01A252C59003752E6 /* AppDelegate.swift */; };
		4C2D19A81A252C59003752E6 /* Main.storyboard in Resources */ = {isa = PBXBuildFile; fileRef = 4C2D19A41A252C59003752E6 /* Main.storyboard */; };
		4C2D19AB1A2530A8003752E6 /* CoreBluetooth.framework in Frameworks */ = {isa = PBXBuildFile; fileRef = 4C2D19AA1A2530A8003752E6 /* CoreBluetooth.framework */; };
		4C2D19AD1A2530B1003752E6 /* CoreLocation.framework in Frameworks */ = {isa = PBXBuildFile; fileRef = 4C2D19AC1A2530B1003752E6 /* CoreLocation.framework */; };
		4C2D19AF1A2530BB003752E6 /* CoreData.framework in Frameworks */ = {isa = PBXBuildFile; fileRef = 4C2D19AE1A2530BB003752E6 /* CoreData.framework */; };
		4C2D19B11A2530C3003752E6 /* libz.dylib in Frameworks */ = {isa = PBXBuildFile; fileRef = 4C2D19B01A2530C3003752E6 /* libz.dylib */; };
		4C2D19B31A2530CA003752E6 /* MapKit.framework in Frameworks */ = {isa = PBXBuildFile; fileRef = 4C2D19B21A2530CA003752E6 /* MapKit.framework */; };
		4C2D19B51A2530CF003752E6 /* Security.framework in Frameworks */ = {isa = PBXBuildFile; fileRef = 4C2D19B41A2530CF003752E6 /* Security.framework */; };
		4C2D19B71A253184003752E6 /* GimbalBeaconManager.swift in Sources */ = {isa = PBXBuildFile; fileRef = 4C2D19B61A253184003752E6 /* GimbalBeaconManager.swift */; };
		4C2D19C91A2543E4003752E6 /* Common.framework in Frameworks */ = {isa = PBXBuildFile; fileRef = 4C2D19BD1A2543E4003752E6 /* Common.framework */; };
		4C2D19CA1A2543E4003752E6 /* ContextCore.framework in Frameworks */ = {isa = PBXBuildFile; fileRef = 4C2D19BF1A2543E4003752E6 /* ContextCore.framework */; };
		4C2D19CB1A2543E4003752E6 /* ContextLocation.framework in Frameworks */ = {isa = PBXBuildFile; fileRef = 4C2D19C11A2543E4003752E6 /* ContextLocation.framework */; };
		4C2D19CC1A2543E4003752E6 /* DataModels.bundle in Resources */ = {isa = PBXBuildFile; fileRef = 4C2D19C31A2543E4003752E6 /* DataModels.bundle */; };
		4C2D19CD1A2543E4003752E6 /* ContextProfiling.framework in Frameworks */ = {isa = PBXBuildFile; fileRef = 4C2D19C51A2543E4003752E6 /* ContextProfiling.framework */; };
		4C2D19CE1A2543E4003752E6 /* FYX.framework in Frameworks */ = {isa = PBXBuildFile; fileRef = 4C2D19C61A2543E4003752E6 /* FYX.framework */; };
		4C2D19CF1A2543E4003752E6 /* NetworkServices.framework in Frameworks */ = {isa = PBXBuildFile; fileRef = 4C2D19C81A2543E4003752E6 /* NetworkServices.framework */; };
		4CBF73001A2556EB0072E3AA /* UserContext.plist in Resources */ = {isa = PBXBuildFile; fileRef = 4CBF72FF1A2556EB0072E3AA /* UserContext.plist */; };
		4CBF73021A25C43A0072E3AA /* GimbalManagerApplicationInfo.plist in Resources */ = {isa = PBXBuildFile; fileRef = 4CBF73011A25C43A0072E3AA /* GimbalManagerApplicationInfo.plist */; };
		4CBF73061A267A350072E3AA /* PulseView.swift in Sources */ = {isa = PBXBuildFile; fileRef = 4CBF73051A267A350072E3AA /* PulseView.swift */; };
		4CBF73081A268E100072E3AA /* InitialViewModel.swift in Sources */ = {isa = PBXBuildFile; fileRef = 4CBF73071A268E100072E3AA /* InitialViewModel.swift */; };
/* End PBXBuildFile section */

/* Begin PBXContainerItemProxy section */
		4C2D196F1A252B9C003752E6 /* PBXContainerItemProxy */ = {
			isa = PBXContainerItemProxy;
			containerPortal = 4C2D19511A252B9C003752E6 /* Project object */;
			proxyType = 1;
			remoteGlobalIDString = 4C2D19581A252B9C003752E6;
			remoteInfo = SwiftGimbal;
		};
/* End PBXContainerItemProxy section */

/* Begin PBXFileReference section */
		4C2D19591A252B9C003752E6 /* SwiftGimbal.app */ = {isa = PBXFileReference; explicitFileType = wrapper.application; includeInIndex = 0; path = SwiftGimbal.app; sourceTree = BUILT_PRODUCTS_DIR; };
		4C2D19651A252B9C003752E6 /* Images.xcassets */ = {isa = PBXFileReference; lastKnownFileType = folder.assetcatalog; path = Images.xcassets; sourceTree = "<group>"; };
		4C2D19681A252B9C003752E6 /* Base */ = {isa = PBXFileReference; lastKnownFileType = file.xib; name = Base; path = Base.lproj/LaunchScreen.xib; sourceTree = "<group>"; };
		4C2D196E1A252B9C003752E6 /* SwiftGimbalTests.xctest */ = {isa = PBXFileReference; explicitFileType = wrapper.cfbundle; includeInIndex = 0; path = SwiftGimbalTests.xctest; sourceTree = BUILT_PRODUCTS_DIR; };
		4C2D19731A252B9C003752E6 /* Info.plist */ = {isa = PBXFileReference; lastKnownFileType = text.plist.xml; path = Info.plist; sourceTree = "<group>"; };
		4C2D19741A252B9C003752E6 /* SwiftGimbalTests.swift */ = {isa = PBXFileReference; lastKnownFileType = sourcecode.swift; path = SwiftGimbalTests.swift; sourceTree = "<group>"; };
		4C2D19951A252C59003752E6 /* ViewController.swift */ = {isa = PBXFileReference; fileEncoding = 4; lastKnownFileType = sourcecode.swift; path = ViewController.swift; sourceTree = "<group>"; };
		4C2D199B1A252C59003752E6 /* Info.plist */ = {isa = PBXFileReference; fileEncoding = 4; lastKnownFileType = text.plist.xml; path = Info.plist; sourceTree = "<group>"; };
		4C2D19A01A252C59003752E6 /* AppDelegate.swift */ = {isa = PBXFileReference; fileEncoding = 4; lastKnownFileType = sourcecode.swift; path = AppDelegate.swift; sourceTree = "<group>"; };
		4C2D19A41A252C59003752E6 /* Main.storyboard */ = {isa = PBXFileReference; fileEncoding = 4; lastKnownFileType = file.storyboard; path = Main.storyboard; sourceTree = "<group>"; };
		4C2D19AA1A2530A8003752E6 /* CoreBluetooth.framework */ = {isa = PBXFileReference; lastKnownFileType = wrapper.framework; name = CoreBluetooth.framework; path = System/Library/Frameworks/CoreBluetooth.framework; sourceTree = SDKROOT; };
		4C2D19AC1A2530B1003752E6 /* CoreLocation.framework */ = {isa = PBXFileReference; lastKnownFileType = wrapper.framework; name = CoreLocation.framework; path = System/Library/Frameworks/CoreLocation.framework; sourceTree = SDKROOT; };
		4C2D19AE1A2530BB003752E6 /* CoreData.framework */ = {isa = PBXFileReference; lastKnownFileType = wrapper.framework; name = CoreData.framework; path = System/Library/Frameworks/CoreData.framework; sourceTree = SDKROOT; };
		4C2D19B01A2530C3003752E6 /* libz.dylib */ = {isa = PBXFileReference; lastKnownFileType = "compiled.mach-o.dylib"; name = libz.dylib; path = usr/lib/libz.dylib; sourceTree = SDKROOT; };
		4C2D19B21A2530CA003752E6 /* MapKit.framework */ = {isa = PBXFileReference; lastKnownFileType = wrapper.framework; name = MapKit.framework; path = System/Library/Frameworks/MapKit.framework; sourceTree = SDKROOT; };
		4C2D19B41A2530CF003752E6 /* Security.framework */ = {isa = PBXFileReference; lastKnownFileType = wrapper.framework; name = Security.framework; path = System/Library/Frameworks/Security.framework; sourceTree = SDKROOT; };
		4C2D19B61A253184003752E6 /* GimbalBeaconManager.swift */ = {isa = PBXFileReference; fileEncoding = 4; lastKnownFileType = sourcecode.swift; path = GimbalBeaconManager.swift; sourceTree = "<group>"; };
		4C2D19BD1A2543E4003752E6 /* Common.framework */ = {isa = PBXFileReference; lastKnownFileType = wrapper.framework; path = Common.framework; sourceTree = "<group>"; };
		4C2D19BF1A2543E4003752E6 /* ContextCore.framework */ = {isa = PBXFileReference; lastKnownFileType = wrapper.framework; path = ContextCore.framework; sourceTree = "<group>"; };
		4C2D19C11A2543E4003752E6 /* ContextLocation.framework */ = {isa = PBXFileReference; lastKnownFileType = wrapper.framework; path = ContextLocation.framework; sourceTree = "<group>"; };
		4C2D19C31A2543E4003752E6 /* DataModels.bundle */ = {isa = PBXFileReference; lastKnownFileType = "wrapper.plug-in"; path = DataModels.bundle; sourceTree = "<group>"; };
		4C2D19C51A2543E4003752E6 /* ContextProfiling.framework */ = {isa = PBXFileReference; lastKnownFileType = wrapper.framework; path = ContextProfiling.framework; sourceTree = "<group>"; };
		4C2D19C61A2543E4003752E6 /* FYX.framework */ = {isa = PBXFileReference; lastKnownFileType = wrapper.framework; path = FYX.framework; sourceTree = "<group>"; };
		4C2D19C81A2543E4003752E6 /* NetworkServices.framework */ = {isa = PBXFileReference; lastKnownFileType = wrapper.framework; path = NetworkServices.framework; sourceTree = "<group>"; };
		4C2D19D01A254524003752E6 /* SwiftGimbal-Bridging-Header.h */ = {isa = PBXFileReference; lastKnownFileType = sourcecode.c.h; name = "SwiftGimbal-Bridging-Header.h"; path = "SwiftGimbal/config/SwiftGimbal-Bridging-Header.h"; sourceTree = SOURCE_ROOT; };
		4CBF72FF1A2556EB0072E3AA /* UserContext.plist */ = {isa = PBXFileReference; fileEncoding = 4; lastKnownFileType = text.plist.xml; path = UserContext.plist; sourceTree = "<group>"; };
		4CBF73011A25C43A0072E3AA /* GimbalManagerApplicationInfo.plist */ = {isa = PBXFileReference; fileEncoding = 4; lastKnownFileType = text.plist.xml; path = GimbalManagerApplicationInfo.plist; sourceTree = "<group>"; };
		4CBF73051A267A350072E3AA /* PulseView.swift */ = {isa = PBXFileReference; fileEncoding = 4; lastKnownFileType = sourcecode.swift; path = PulseView.swift; sourceTree = "<group>"; };
		4CBF73071A268E100072E3AA /* InitialViewModel.swift */ = {isa = PBXFileReference; fileEncoding = 4; lastKnownFileType = sourcecode.swift; path = InitialViewModel.swift; sourceTree = "<group>"; };
/* End PBXFileReference section */

/* Begin PBXFrameworksBuildPhase section */
		4C2D19561A252B9C003752E6 /* Frameworks */ = {
			isa = PBXFrameworksBuildPhase;
			buildActionMask = 2147483647;
			files = (
				4C2D19B51A2530CF003752E6 /* Security.framework in Frameworks */,
				4C2D19B31A2530CA003752E6 /* MapKit.framework in Frameworks */,
				4C2D19CE1A2543E4003752E6 /* FYX.framework in Frameworks */,
				4C2D19B11A2530C3003752E6 /* libz.dylib in Frameworks */,
				4C2D19CD1A2543E4003752E6 /* ContextProfiling.framework in Frameworks */,
				4C2D19AF1A2530BB003752E6 /* CoreData.framework in Frameworks */,
				4C2D19AD1A2530B1003752E6 /* CoreLocation.framework in Frameworks */,
				4C2D19CF1A2543E4003752E6 /* NetworkServices.framework in Frameworks */,
				4C2D19C91A2543E4003752E6 /* Common.framework in Frameworks */,
				4C2D19CB1A2543E4003752E6 /* ContextLocation.framework in Frameworks */,
				4C2D19AB1A2530A8003752E6 /* CoreBluetooth.framework in Frameworks */,
				4C2D19CA1A2543E4003752E6 /* ContextCore.framework in Frameworks */,
			);
			runOnlyForDeploymentPostprocessing = 0;
		};
		4C2D196B1A252B9C003752E6 /* Frameworks */ = {
			isa = PBXFrameworksBuildPhase;
			buildActionMask = 2147483647;
			files = (
			);
			runOnlyForDeploymentPostprocessing = 0;
		};
/* End PBXFrameworksBuildPhase section */

/* Begin PBXGroup section */
		4C2D19501A252B9C003752E6 = {
			isa = PBXGroup;
			children = (
				4C2D195B1A252B9C003752E6 /* SwiftGimbal */,
				4C2D19711A252B9C003752E6 /* SwiftGimbalTests */,
				4C2D195A1A252B9C003752E6 /* Products */,
			);
			sourceTree = "<group>";
		};
		4C2D195A1A252B9C003752E6 /* Products */ = {
			isa = PBXGroup;
			children = (
				4C2D19591A252B9C003752E6 /* SwiftGimbal.app */,
				4C2D196E1A252B9C003752E6 /* SwiftGimbalTests.xctest */,
			);
			name = Products;
			sourceTree = "<group>";
		};
		4C2D195B1A252B9C003752E6 /* SwiftGimbal */ = {
			isa = PBXGroup;
			children = (
				4C2D19931A252C59003752E6 /* app */,
				4C2D199A1A252C59003752E6 /* config */,
				4C2D199F1A252C59003752E6 /* main */,
				4C2D19A31A252C59003752E6 /* storyboards */,
				4C2D19651A252B9C003752E6 /* Images.xcassets */,
				4C2D19671A252B9C003752E6 /* LaunchScreen.xib */,
				4C2D19A91A252C72003752E6 /* frameworks */,
			);
			path = SwiftGimbal;
			sourceTree = "<group>";
		};
		4C2D19711A252B9C003752E6 /* SwiftGimbalTests */ = {
			isa = PBXGroup;
			children = (
				4C2D19741A252B9C003752E6 /* SwiftGimbalTests.swift */,
				4C2D19721A252B9C003752E6 /* Supporting Files */,
			);
			path = SwiftGimbalTests;
			sourceTree = "<group>";
		};
		4C2D19721A252B9C003752E6 /* Supporting Files */ = {
			isa = PBXGroup;
			children = (
				4C2D19731A252B9C003752E6 /* Info.plist */,
			);
			name = "Supporting Files";
			sourceTree = "<group>";
		};
		4C2D19931A252C59003752E6 /* app */ = {
			isa = PBXGroup;
			children = (
				4C2D19941A252C59003752E6 /* controllers */,
				4C2D19971A252C59003752E6 /* modules */,
				4C2D19981A252C59003752E6 /* views */,
			);
			path = app;
			sourceTree = "<group>";
		};
		4C2D19941A252C59003752E6 /* controllers */ = {
			isa = PBXGroup;
			children = (
				4C2D19951A252C59003752E6 /* ViewController.swift */,
			);
			path = controllers;
			sourceTree = "<group>";
		};
		4C2D19971A252C59003752E6 /* modules */ = {
			isa = PBXGroup;
			children = (
				4C2D19B61A253184003752E6 /* GimbalBeaconManager.swift */,
			);
			path = modules;
			sourceTree = "<group>";
		};
		4C2D19981A252C59003752E6 /* views */ = {
			isa = PBXGroup;
			children = (
				4CBF73051A267A350072E3AA /* PulseView.swift */,
				4CBF73071A268E100072E3AA /* InitialViewModel.swift */,
			);
			path = views;
			sourceTree = "<group>";
		};
		4C2D199A1A252C59003752E6 /* config */ = {
			isa = PBXGroup;
			children = (
				4C2D199B1A252C59003752E6 /* Info.plist */,
				4C2D19D01A254524003752E6 /* SwiftGimbal-Bridging-Header.h */,
				4CBF72FF1A2556EB0072E3AA /* UserContext.plist */,
				4CBF73011A25C43A0072E3AA /* GimbalManagerApplicationInfo.plist */,
			);
			path = config;
			sourceTree = "<group>";
		};
		4C2D199F1A252C59003752E6 /* main */ = {
			isa = PBXGroup;
			children = (
				4C2D19A01A252C59003752E6 /* AppDelegate.swift */,
			);
			path = main;
			sourceTree = "<group>";
		};
		4C2D19A31A252C59003752E6 /* storyboards */ = {
			isa = PBXGroup;
			children = (
				4C2D19A41A252C59003752E6 /* Main.storyboard */,
			);
			path = storyboards;
			sourceTree = "<group>";
		};
		4C2D19A91A252C72003752E6 /* frameworks */ = {
			isa = PBXGroup;
			children = (
				4C2D19BB1A2543E4003752E6 /* Frameworks */,
				4C2D19B41A2530CF003752E6 /* Security.framework */,
				4C2D19B21A2530CA003752E6 /* MapKit.framework */,
				4C2D19B01A2530C3003752E6 /* libz.dylib */,
				4C2D19AE1A2530BB003752E6 /* CoreData.framework */,
				4C2D19AC1A2530B1003752E6 /* CoreLocation.framework */,
				4C2D19AA1A2530A8003752E6 /* CoreBluetooth.framework */,
			);
			path = frameworks;
			sourceTree = "<group>";
		};
		4C2D19BB1A2543E4003752E6 /* Frameworks */ = {
			isa = PBXGroup;
			children = (
				4C2D19BC1A2543E4003752E6 /* Common.embeddedframework */,
				4C2D19BE1A2543E4003752E6 /* ContextCore.embeddedframework */,
				4C2D19C01A2543E4003752E6 /* ContextLocation.embeddedframework */,
				4C2D19C41A2543E4003752E6 /* ContextProfiling.embeddedframework */,
				4C2D19C61A2543E4003752E6 /* FYX.framework */,
				4C2D19C71A2543E4003752E6 /* NetworkServices.embeddedframework */,
			);
			path = Frameworks;
			sourceTree = "<group>";
		};
		4C2D19BC1A2543E4003752E6 /* Common.embeddedframework */ = {
			isa = PBXGroup;
			children = (
				4C2D19BD1A2543E4003752E6 /* Common.framework */,
			);
			path = Common.embeddedframework;
			sourceTree = "<group>";
		};
		4C2D19BE1A2543E4003752E6 /* ContextCore.embeddedframework */ = {
			isa = PBXGroup;
			children = (
				4C2D19BF1A2543E4003752E6 /* ContextCore.framework */,
			);
			path = ContextCore.embeddedframework;
			sourceTree = "<group>";
		};
		4C2D19C01A2543E4003752E6 /* ContextLocation.embeddedframework */ = {
			isa = PBXGroup;
			children = (
				4C2D19C11A2543E4003752E6 /* ContextLocation.framework */,
				4C2D19C21A2543E4003752E6 /* Resources */,
			);
			path = ContextLocation.embeddedframework;
			sourceTree = "<group>";
		};
		4C2D19C21A2543E4003752E6 /* Resources */ = {
			isa = PBXGroup;
			children = (
				4C2D19C31A2543E4003752E6 /* DataModels.bundle */,
			);
			path = Resources;
			sourceTree = "<group>";
		};
		4C2D19C41A2543E4003752E6 /* ContextProfiling.embeddedframework */ = {
			isa = PBXGroup;
			children = (
				4C2D19C51A2543E4003752E6 /* ContextProfiling.framework */,
			);
			path = ContextProfiling.embeddedframework;
			sourceTree = "<group>";
		};
		4C2D19C71A2543E4003752E6 /* NetworkServices.embeddedframework */ = {
			isa = PBXGroup;
			children = (
				4C2D19C81A2543E4003752E6 /* NetworkServices.framework */,
			);
			path = NetworkServices.embeddedframework;
			sourceTree = "<group>";
		};
/* End PBXGroup section */

/* Begin PBXNativeTarget section */
		4C2D19581A252B9C003752E6 /* SwiftGimbal */ = {
			isa = PBXNativeTarget;
			buildConfigurationList = 4C2D19781A252B9C003752E6 /* Build configuration list for PBXNativeTarget "SwiftGimbal" */;
			buildPhases = (
				4C2D19551A252B9C003752E6 /* Sources */,
				4C2D19561A252B9C003752E6 /* Frameworks */,
				4C2D19571A252B9C003752E6 /* Resources */,
			);
			buildRules = (
			);
			dependencies = (
			);
			name = SwiftGimbal;
			productName = SwiftGimbal;
			productReference = 4C2D19591A252B9C003752E6 /* SwiftGimbal.app */;
			productType = "com.apple.product-type.application";
		};
		4C2D196D1A252B9C003752E6 /* SwiftGimbalTests */ = {
			isa = PBXNativeTarget;
			buildConfigurationList = 4C2D197B1A252B9C003752E6 /* Build configuration list for PBXNativeTarget "SwiftGimbalTests" */;
			buildPhases = (
				4C2D196A1A252B9C003752E6 /* Sources */,
				4C2D196B1A252B9C003752E6 /* Frameworks */,
				4C2D196C1A252B9C003752E6 /* Resources */,
			);
			buildRules = (
			);
			dependencies = (
				4C2D19701A252B9C003752E6 /* PBXTargetDependency */,
			);
			name = SwiftGimbalTests;
			productName = SwiftGimbalTests;
			productReference = 4C2D196E1A252B9C003752E6 /* SwiftGimbalTests.xctest */;
			productType = "com.apple.product-type.bundle.unit-test";
		};
/* End PBXNativeTarget section */

/* Begin PBXProject section */
		4C2D19511A252B9C003752E6 /* Project object */ = {
			isa = PBXProject;
			attributes = {
				LastUpgradeCheck = 0610;
				ORGANIZATIONNAME = "Chisel Apps";
				TargetAttributes = {
					4C2D19581A252B9C003752E6 = {
						CreatedOnToolsVersion = 6.1;
					};
					4C2D196D1A252B9C003752E6 = {
						CreatedOnToolsVersion = 6.1;
						TestTargetID = 4C2D19581A252B9C003752E6;
					};
				};
			};
			buildConfigurationList = 4C2D19541A252B9C003752E6 /* Build configuration list for PBXProject "SwiftGimbal" */;
			compatibilityVersion = "Xcode 3.2";
			developmentRegion = English;
			hasScannedForEncodings = 0;
			knownRegions = (
				en,
				Base,
			);
			mainGroup = 4C2D19501A252B9C003752E6;
			productRefGroup = 4C2D195A1A252B9C003752E6 /* Products */;
			projectDirPath = "";
			projectRoot = "";
			targets = (
				4C2D19581A252B9C003752E6 /* SwiftGimbal */,
				4C2D196D1A252B9C003752E6 /* SwiftGimbalTests */,
			);
		};
/* End PBXProject section */

/* Begin PBXResourcesBuildPhase section */
		4C2D19571A252B9C003752E6 /* Resources */ = {
			isa = PBXResourcesBuildPhase;
			buildActionMask = 2147483647;
			files = (
				4CBF73001A2556EB0072E3AA /* UserContext.plist in Resources */,
				4C2D19A81A252C59003752E6 /* Main.storyboard in Resources */,
				4C2D19691A252B9C003752E6 /* LaunchScreen.xib in Resources */,
				4C2D19CC1A2543E4003752E6 /* DataModels.bundle in Resources */,
				4C2D19661A252B9C003752E6 /* Images.xcassets in Resources */,
				4CBF73021A25C43A0072E3AA /* GimbalManagerApplicationInfo.plist in Resources */,
			);
			runOnlyForDeploymentPostprocessing = 0;
		};
		4C2D196C1A252B9C003752E6 /* Resources */ = {
			isa = PBXResourcesBuildPhase;
			buildActionMask = 2147483647;
			files = (
			);
			runOnlyForDeploymentPostprocessing = 0;
		};
/* End PBXResourcesBuildPhase section */

/* Begin PBXSourcesBuildPhase section */
		4C2D19551A252B9C003752E6 /* Sources */ = {
			isa = PBXSourcesBuildPhase;
			buildActionMask = 2147483647;
			files = (
				4C2D19B71A253184003752E6 /* GimbalBeaconManager.swift in Sources */,
				4CBF73081A268E100072E3AA /* InitialViewModel.swift in Sources */,
				4C2D19A71A252C59003752E6 /* AppDelegate.swift in Sources */,
				4CBF73061A267A350072E3AA /* PulseView.swift in Sources */,
				4C2D19A51A252C59003752E6 /* ViewController.swift in Sources */,
			);
			runOnlyForDeploymentPostprocessing = 0;
		};
		4C2D196A1A252B9C003752E6 /* Sources */ = {
			isa = PBXSourcesBuildPhase;
			buildActionMask = 2147483647;
			files = (
				4C2D19751A252B9C003752E6 /* SwiftGimbalTests.swift in Sources */,
			);
			runOnlyForDeploymentPostprocessing = 0;
		};
/* End PBXSourcesBuildPhase section */

/* Begin PBXTargetDependency section */
		4C2D19701A252B9C003752E6 /* PBXTargetDependency */ = {
			isa = PBXTargetDependency;
			target = 4C2D19581A252B9C003752E6 /* SwiftGimbal */;
			targetProxy = 4C2D196F1A252B9C003752E6 /* PBXContainerItemProxy */;
		};
/* End PBXTargetDependency section */

/* Begin PBXVariantGroup section */
		4C2D19671A252B9C003752E6 /* LaunchScreen.xib */ = {
			isa = PBXVariantGroup;
			children = (
				4C2D19681A252B9C003752E6 /* Base */,
			);
			name = LaunchScreen.xib;
			sourceTree = "<group>";
		};
/* End PBXVariantGroup section */

/* Begin XCBuildConfiguration section */
		4C2D19761A252B9C003752E6 /* Debug */ = {
			isa = XCBuildConfiguration;
			buildSettings = {
				ALWAYS_SEARCH_USER_PATHS = NO;
				CLANG_CXX_LANGUAGE_STANDARD = "gnu++0x";
				CLANG_CXX_LIBRARY = "libc++";
				CLANG_ENABLE_MODULES = YES;
				CLANG_ENABLE_OBJC_ARC = YES;
				CLANG_WARN_BOOL_CONVERSION = YES;
				CLANG_WARN_CONSTANT_CONVERSION = YES;
				CLANG_WARN_DIRECT_OBJC_ISA_USAGE = YES_ERROR;
				CLANG_WARN_EMPTY_BODY = YES;
				CLANG_WARN_ENUM_CONVERSION = YES;
				CLANG_WARN_INT_CONVERSION = YES;
				CLANG_WARN_OBJC_ROOT_CLASS = YES_ERROR;
				CLANG_WARN_UNREACHABLE_CODE = YES;
				CLANG_WARN__DUPLICATE_METHOD_MATCH = YES;
				"CODE_SIGN_IDENTITY[sdk=iphoneos*]" = "iPhone Developer";
				COPY_PHASE_STRIP = NO;
				ENABLE_STRICT_OBJC_MSGSEND = YES;
				GCC_C_LANGUAGE_STANDARD = gnu99;
				GCC_DYNAMIC_NO_PIC = NO;
				GCC_OPTIMIZATION_LEVEL = 0;
				GCC_PREPROCESSOR_DEFINITIONS = (
					"DEBUG=1",
					"$(inherited)",
				);
				GCC_SYMBOLS_PRIVATE_EXTERN = NO;
				GCC_WARN_64_TO_32_BIT_CONVERSION = YES;
				GCC_WARN_ABOUT_RETURN_TYPE = YES_ERROR;
				GCC_WARN_UNDECLARED_SELECTOR = YES;
				GCC_WARN_UNINITIALIZED_AUTOS = YES_AGGRESSIVE;
				GCC_WARN_UNUSED_FUNCTION = YES;
				GCC_WARN_UNUSED_VARIABLE = YES;
				IPHONEOS_DEPLOYMENT_TARGET = 8.1;
				MTL_ENABLE_DEBUG_INFO = YES;
				ONLY_ACTIVE_ARCH = YES;
				SDKROOT = iphoneos;
				SWIFT_OPTIMIZATION_LEVEL = "-Onone";
			};
			name = Debug;
		};
		4C2D19771A252B9C003752E6 /* Release */ = {
			isa = XCBuildConfiguration;
			buildSettings = {
				ALWAYS_SEARCH_USER_PATHS = NO;
				CLANG_CXX_LANGUAGE_STANDARD = "gnu++0x";
				CLANG_CXX_LIBRARY = "libc++";
				CLANG_ENABLE_MODULES = YES;
				CLANG_ENABLE_OBJC_ARC = YES;
				CLANG_WARN_BOOL_CONVERSION = YES;
				CLANG_WARN_CONSTANT_CONVERSION = YES;
				CLANG_WARN_DIRECT_OBJC_ISA_USAGE = YES_ERROR;
				CLANG_WARN_EMPTY_BODY = YES;
				CLANG_WARN_ENUM_CONVERSION = YES;
				CLANG_WARN_INT_CONVERSION = YES;
				CLANG_WARN_OBJC_ROOT_CLASS = YES_ERROR;
				CLANG_WARN_UNREACHABLE_CODE = YES;
				CLANG_WARN__DUPLICATE_METHOD_MATCH = YES;
				"CODE_SIGN_IDENTITY[sdk=iphoneos*]" = "iPhone Developer";
				COPY_PHASE_STRIP = YES;
				ENABLE_NS_ASSERTIONS = NO;
				ENABLE_STRICT_OBJC_MSGSEND = YES;
				GCC_C_LANGUAGE_STANDARD = gnu99;
				GCC_WARN_64_TO_32_BIT_CONVERSION = YES;
				GCC_WARN_ABOUT_RETURN_TYPE = YES_ERROR;
				GCC_WARN_UNDECLARED_SELECTOR = YES;
				GCC_WARN_UNINITIALIZED_AUTOS = YES_AGGRESSIVE;
				GCC_WARN_UNUSED_FUNCTION = YES;
				GCC_WARN_UNUSED_VARIABLE = YES;
				IPHONEOS_DEPLOYMENT_TARGET = 8.1;
				MTL_ENABLE_DEBUG_INFO = NO;
				SDKROOT = iphoneos;
				VALIDATE_PRODUCT = YES;
			};
			name = Release;
		};
		4C2D19791A252B9C003752E6 /* Debug */ = {
			isa = XCBuildConfiguration;
			buildSettings = {
				ASSETCATALOG_COMPILER_APPICON_NAME = AppIcon;
				DEFINES_MODULE = YES;
				FRAMEWORK_SEARCH_PATHS = (
					"$(inherited)",
					"$(PROJECT_DIR)/SwiftGimbal/frameworks/Frameworks/Common.embeddedframework",
					"$(PROJECT_DIR)/SwiftGimbal/frameworks/Frameworks/ContextCore.embeddedframework",
					"$(PROJECT_DIR)/SwiftGimbal/frameworks/Frameworks/ContextLocation.embeddedframework",
					"$(PROJECT_DIR)/SwiftGimbal/frameworks/Frameworks/ContextProfiling.embeddedframework",
					"$(PROJECT_DIR)/SwiftGimbal/frameworks/Frameworks",
					"$(PROJECT_DIR)/SwiftGimbal/frameworks/Frameworks/NetworkServices.embeddedframework",
				);
				INFOPLIST_FILE = "$(SRCROOT)/SwiftGimbal/config/Info.plist";
				LD_RUNPATH_SEARCH_PATHS = "$(inherited) @executable_path/Frameworks";
				PRODUCT_NAME = "$(TARGET_NAME)";
				SWIFT_OBJC_BRIDGING_HEADER = "$(SRCROOT)/SwiftGimbal/config/SwiftGimbal-Bridging-Header.h";
			};
			name = Debug;
		};
		4C2D197A1A252B9C003752E6 /* Release */ = {
			isa = XCBuildConfiguration;
			buildSettings = {
				ASSETCATALOG_COMPILER_APPICON_NAME = AppIcon;
				DEFINES_MODULE = YES;
				FRAMEWORK_SEARCH_PATHS = (
					"$(inherited)",
					"$(PROJECT_DIR)/SwiftGimbal/frameworks/Frameworks/Common.embeddedframework",
					"$(PROJECT_DIR)/SwiftGimbal/frameworks/Frameworks/ContextCore.embeddedframework",
					"$(PROJECT_DIR)/SwiftGimbal/frameworks/Frameworks/ContextLocation.embeddedframework",
					"$(PROJECT_DIR)/SwiftGimbal/frameworks/Frameworks/ContextProfiling.embeddedframework",
					"$(PROJECT_DIR)/SwiftGimbal/frameworks/Frameworks",
					"$(PROJECT_DIR)/SwiftGimbal/frameworks/Frameworks/NetworkServices.embeddedframework",
				);
				INFOPLIST_FILE = "$(SRCROOT)/SwiftGimbal/config/Info.plist";
				LD_RUNPATH_SEARCH_PATHS = "$(inherited) @executable_path/Frameworks";
				PRODUCT_NAME = "$(TARGET_NAME)";
				SWIFT_OBJC_BRIDGING_HEADER = "$(SRCROOT)/SwiftGimbal/config/SwiftGimbal-Bridging-Header.h";
			};
			name = Release;
		};
		4C2D197C1A252B9C003752E6 /* Debug */ = {
			isa = XCBuildConfiguration;
			buildSettings = {
				BUNDLE_LOADER = "$(TEST_HOST)";
				FRAMEWORK_SEARCH_PATHS = (
					"$(SDKROOT)/Developer/Library/Frameworks",
					"$(inherited)",
				);
				GCC_PREPROCESSOR_DEFINITIONS = (
					"DEBUG=1",
					"$(inherited)",
				);
				INFOPLIST_FILE = SwiftGimbalTests/Info.plist;
				LD_RUNPATH_SEARCH_PATHS = "$(inherited) @executable_path/Frameworks @loader_path/Frameworks";
				PRODUCT_NAME = "$(TARGET_NAME)";
				TEST_HOST = "$(BUILT_PRODUCTS_DIR)/SwiftGimbal.app/SwiftGimbal";
			};
			name = Debug;
		};
		4C2D197D1A252B9C003752E6 /* Release */ = {
			isa = XCBuildConfiguration;
			buildSettings = {
				BUNDLE_LOADER = "$(TEST_HOST)";
				FRAMEWORK_SEARCH_PATHS = (
					"$(SDKROOT)/Developer/Library/Frameworks",
					"$(inherited)",
				);
				INFOPLIST_FILE = SwiftGimbalTests/Info.plist;
				LD_RUNPATH_SEARCH_PATHS = "$(inherited) @executable_path/Frameworks @loader_path/Frameworks";
				PRODUCT_NAME = "$(TARGET_NAME)";
				TEST_HOST = "$(BUILT_PRODUCTS_DIR)/SwiftGimbal.app/SwiftGimbal";
			};
			name = Release;
		};
/* End XCBuildConfiguration section */

/* Begin XCConfigurationList section */
		4C2D19541A252B9C003752E6 /* Build configuration list for PBXProject "SwiftGimbal" */ = {
			isa = XCConfigurationList;
			buildConfigurations = (
				4C2D19761A252B9C003752E6 /* Debug */,
				4C2D19771A252B9C003752E6 /* Release */,
			);
			defaultConfigurationIsVisible = 0;
			defaultConfigurationName = Release;
		};
		4C2D19781A252B9C003752E6 /* Build configuration list for PBXNativeTarget "SwiftGimbal" */ = {
			isa = XCConfigurationList;
			buildConfigurations = (
				4C2D19791A252B9C003752E6 /* Debug */,
				4C2D197A1A252B9C003752E6 /* Release */,
			);
			defaultConfigurationIsVisible = 0;
			defaultConfigurationName = Release;
		};
		4C2D197B1A252B9C003752E6 /* Build configuration list for PBXNativeTarget "SwiftGimbalTests" */ = {
			isa = XCConfigurationList;
			buildConfigurations = (
				4C2D197C1A252B9C003752E6 /* Debug */,
				4C2D197D1A252B9C003752E6 /* Release */,
			);
			defaultConfigurationIsVisible = 0;
			defaultConfigurationName = Release;
		};
/* End XCConfigurationList section */
	};
	rootObject = 4C2D19511A252B9C003752E6 /* Project object */;
}
